
Microsoft Visual Studio Solution File, Format Version 12.00
# Visual Studio Version 17
VisualStudioVersion = 17.14.36811.4 d17.14
MinimumVisualStudioVersion = 10.0.40219.1
Project("{FAE04EC0-301F-11D3-BF4B-00C04F79EFBC}") = "PrimeiroProjetoC#", "PrimeiroProjetoC#.csproj", "{DB92C532-4166-4835-9322-AD20ABEFF232}"
EndProject
Global
	GlobalSection(SolutionConfigurationPlatforms) = preSolution
		Debug|Any CPU = Debug|Any CPU
		Release|Any CPU = Release|Any CPU
	EndGlobalSection
	GlobalSection(ProjectConfigurationPlatforms) = postSolution
		{DB92C532-4166-4835-9322-AD20ABEFF232}.Debug|Any CPU.ActiveCfg = Debug|Any CPU
		{DB92C532-4166-4835-9322-AD20ABEFF232}.Debug|Any CPU.Build.0 = Debug|Any CPU
		{DB92C532-4166-4835-9322-AD20ABEFF232}.Release|Any CPU.ActiveCfg = Release|Any CPU
		{DB92C532-4166-4835-9322-AD20ABEFF232}.Release|Any CPU.Build.0 = Release|Any CPU
	EndGlobalSection
	GlobalSection(SolutionProperties) = preSolution
		HideSolutionNode = FALSE
	EndGlobalSection
	GlobalSection(ExtensibilityGlobals) = postSolution
		SolutionGuid = {7E5A65A8-3725-425E-A9F1-3164307C7788}
	EndGlobalSection
EndGlobal
